
Microsoft Visual Studio Solution File, Format Version 12.00
# Visual Studio Version 17
VisualStudioVersion = 17.5.002.0
MinimumVisualStudioVersion = 10.0.40219.1
Project("{2150E333-8FDC-42A3-9474-1A3956D46DE8}") = "src", "src", "{65E031F1-64DC-4367-A152-F72C97CC9441}"
EndProject
Project("{FAE04EC0-301F-11D3-BF4B-00C04F79EFBC}") = "MoodMeDashboard.Tests", "src\MoodMeDashboard.Tests\MoodMeDashboard.Tests.csproj", "{CC60F682-530A-430C-B365-7B18B0B42EBF}"
EndProject
Project("{FAE04EC0-301F-11D3-BF4B-00C04F79EFBC}") = "MoodMeDashboard.Client", "src\MoodMeDashboard.Client\MoodMeDashboard.Client.csproj", "{4E97338C-317D-4A9F-B995-46D558A51226}"
EndProject
Project("{FAE04EC0-301F-11D3-BF4B-00C04F79EFBC}") = "MoodMeDashboard", "src\MoodMeDashboard\MoodMeDashboard.csproj", "{5F46785A-C071-41A5-9743-F5D59B24B631}"
EndProject
Global
	GlobalSection(SolutionConfigurationPlatforms) = preSolution
		Debug|Any CPU = Debug|Any CPU
		Release|Any CPU = Release|Any CPU
	EndGlobalSection
	GlobalSection(ProjectConfigurationPlatforms) = postSolution
		{CC60F682-530A-430C-B365-7B18B0B42EBF}.Debug|Any CPU.ActiveCfg = Debug|Any CPU
		{CC60F682-530A-430C-B365-7B18B0B42EBF}.Debug|Any CPU.Build.0 = Debug|Any CPU
		{CC60F682-530A-430C-B365-7B18B0B42EBF}.Release|Any CPU.ActiveCfg = Release|Any CPU
		{CC60F682-530A-430C-B365-7B18B0B42EBF}.Release|Any CPU.Build.0 = Release|Any CPU
		{4E97338C-317D-4A9F-B995-46D558A51226}.Debug|Any CPU.ActiveCfg = Debug|Any CPU
		{4E97338C-317D-4A9F-B995-46D558A51226}.Debug|Any CPU.Build.0 = Debug|Any CPU
		{4E97338C-317D-4A9F-B995-46D558A51226}.Release|Any CPU.ActiveCfg = Release|Any CPU
		{4E97338C-317D-4A9F-B995-46D558A51226}.Release|Any CPU.Build.0 = Release|Any CPU
		{5F46785A-C071-41A5-9743-F5D59B24B631}.Debug|Any CPU.ActiveCfg = Debug|Any CPU
		{5F46785A-C071-41A5-9743-F5D59B24B631}.Debug|Any CPU.Build.0 = Debug|Any CPU
		{5F46785A-C071-41A5-9743-F5D59B24B631}.Release|Any CPU.ActiveCfg = Release|Any CPU
		{5F46785A-C071-41A5-9743-F5D59B24B631}.Release|Any CPU.Build.0 = Release|Any CPU
	EndGlobalSection
	GlobalSection(SolutionProperties) = preSolution
		HideSolutionNode = FALSE
	EndGlobalSection
	GlobalSection(NestedProjects) = preSolution
		{CC60F682-530A-430C-B365-7B18B0B42EBF} = {65E031F1-64DC-4367-A152-F72C97CC9441}
		{4E97338C-317D-4A9F-B995-46D558A51226} = {65E031F1-64DC-4367-A152-F72C97CC9441}
		{5F46785A-C071-41A5-9743-F5D59B24B631} = {65E031F1-64DC-4367-A152-F72C97CC9441}
	EndGlobalSection
	GlobalSection(ExtensibilityGlobals) = postSolution
		SolutionGuid = {4F270071-E50A-4633-9875-4EC3E6E23ECB}
	EndGlobalSection
EndGlobal
